{
  "name": "discordbot",
  "version": "1.0.0",
  "lockfileVersion": 1,
  "requires": true,
  "dependencies": {
    "urban-dictionary": {
      "version": "2.2.1",
      "resolved": "https://registry.npmjs.org/urban-dictionary/-/urban-dictionary-2.2.1.tgz",
      "integrity": "sha512-wnR3QWRlIXAtzf/QNaCHABsksdw05og/ZCEabB+S2C9G02wfDZvSz5l5Mh/Ip/Tk7mYNO09vbUaaFxH7MGHJsg=="
    }
  }
}
